
Microsoft Visual Studio Solution File, Format Version 12.00
# Visual Studio Version 16
VisualStudioVersion = 16.0.31313.79
MinimumVisualStudioVersion = 10.0.40219.1
Project("{FAE04EC0-301F-11D3-BF4B-00C04F79EFBC}") = "Cartão_Crédito-Jesher", "Cartão_Crédito-Jesher.csproj", "{BEF015C7-AECE-4A8B-8603-AF526A7C6CBD}"
EndProject
Global
	GlobalSection(SolutionConfigurationPlatforms) = preSolution
		Debug|Any CPU = Debug|Any CPU
		Release|Any CPU = Release|Any CPU
	EndGlobalSection
	GlobalSection(ProjectConfigurationPlatforms) = postSolution
		{BEF015C7-AECE-4A8B-8603-AF526A7C6CBD}.Debug|Any CPU.ActiveCfg = Debug|Any CPU
		{BEF015C7-AECE-4A8B-8603-AF526A7C6CBD}.Debug|Any CPU.Build.0 = Debug|Any CPU
		{BEF015C7-AECE-4A8B-8603-AF526A7C6CBD}.Release|Any CPU.ActiveCfg = Release|Any CPU
		{BEF015C7-AECE-4A8B-8603-AF526A7C6CBD}.Release|Any CPU.Build.0 = Release|Any CPU
	EndGlobalSection
	GlobalSection(SolutionProperties) = preSolution
		HideSolutionNode = FALSE
	EndGlobalSection
	GlobalSection(ExtensibilityGlobals) = postSolution
		SolutionGuid = {D4C9755B-4BD1-4AE2-881A-1C6115ED570C}
	EndGlobalSection
EndGlobal
