
Microsoft Visual Studio Solution File, Format Version 12.00
# Visual Studio Version 16
VisualStudioVersion = 16.0.31313.79
MinimumVisualStudioVersion = 10.0.40219.1
Project("{FAE04EC0-301F-11D3-BF4B-00C04F79EFBC}") = "e_commerce", "e_commerce.csproj", "{97B351A7-D645-4E53-A613-E246909F0895}"
EndProject
Global
	GlobalSection(SolutionConfigurationPlatforms) = preSolution
		Debug|Any CPU = Debug|Any CPU
		Release|Any CPU = Release|Any CPU
	EndGlobalSection
	GlobalSection(ProjectConfigurationPlatforms) = postSolution
		{97B351A7-D645-4E53-A613-E246909F0895}.Debug|Any CPU.ActiveCfg = Debug|Any CPU
		{97B351A7-D645-4E53-A613-E246909F0895}.Debug|Any CPU.Build.0 = Debug|Any CPU
		{97B351A7-D645-4E53-A613-E246909F0895}.Release|Any CPU.ActiveCfg = Release|Any CPU
		{97B351A7-D645-4E53-A613-E246909F0895}.Release|Any CPU.Build.0 = Release|Any CPU
	EndGlobalSection
	GlobalSection(SolutionProperties) = preSolution
		HideSolutionNode = FALSE
	EndGlobalSection
	GlobalSection(ExtensibilityGlobals) = postSolution
		SolutionGuid = {44A061E3-89D5-4DD0-90D3-383F8257A1FB}
	EndGlobalSection
EndGlobal
